# This file is automatically @generated by Cargo.
# It is not intended for manual editing.
version = 3

[[package]]
name = "bitflags"
version = "0.4.0"
source = "registry+https://github.com/rust-lang/crates.io-index"
checksum = "8dead7461c1127cf637931a1e50934eb6eee8bff2f74433ac7909e9afcee04a3"

[[package]]
name = "multiboot2"
version = "0.1.0"
source = "git+https://github.com/phil-opp/multiboot2-elf64#3fc616753513354e2d56a58a1b999a4f13e1f98f"
dependencies = [
 "bitflags",
]

[[package]]
name = "rlibc"
version = "1.0.0"
source = "registry+https://github.com/rust-lang/crates.io-index"
checksum = "fc874b127765f014d792f16763a81245ab80500e2ad921ed4ee9e82481ee08fe"

[[package]]
name = "rust_blog_os"
version = "0.1.0"
dependencies = [
 "multiboot2",
 "rlibc",
 "spin",
]

[[package]]
name = "spin"
version = "0.5.2"
source = "registry+https://github.com/rust-lang/crates.io-index"
checksum = "6e63cff320ae2c57904679ba7cb63280a3dc4613885beafb148ee7bf9aa9042d"
